
Microsoft Visual Studio Solution File, Format Version 12.00
# Visual Studio Version 16
VisualStudioVersion = 16.0.30330.147
MinimumVisualStudioVersion = 10.0.40219.1
Project("{FAE04EC0-301F-11D3-BF4B-00C04F79EFBC}") = "Numeroaletra", "Numeroaletra\Numeroaletra.csproj", "{07B4F8E7-A4BE-459D-AB3B-725AD85B0474}"
EndProject
Global
	GlobalSection(SolutionConfigurationPlatforms) = preSolution
		Debug|Any CPU = Debug|Any CPU
		Release|Any CPU = Release|Any CPU
	EndGlobalSection
	GlobalSection(ProjectConfigurationPlatforms) = postSolution
		{07B4F8E7-A4BE-459D-AB3B-725AD85B0474}.Debug|Any CPU.ActiveCfg = Debug|Any CPU
		{07B4F8E7-A4BE-459D-AB3B-725AD85B0474}.Debug|Any CPU.Build.0 = Debug|Any CPU
		{07B4F8E7-A4BE-459D-AB3B-725AD85B0474}.Release|Any CPU.ActiveCfg = Release|Any CPU
		{07B4F8E7-A4BE-459D-AB3B-725AD85B0474}.Release|Any CPU.Build.0 = Release|Any CPU
	EndGlobalSection
	GlobalSection(SolutionProperties) = preSolution
		HideSolutionNode = FALSE
	EndGlobalSection
	GlobalSection(ExtensibilityGlobals) = postSolution
		SolutionGuid = {300F341F-65F5-456A-BEA7-F3DB81AF92D0}
	EndGlobalSection
EndGlobal
